// !$*UTF8*$!
{
	archiveVersion = 1;
	classes = {
	};
	objectVersion = 46;
	objects = {

/* Begin PBXBuildFile section */
		6108C5171C20CDA200FBBB71 /* SystemEventsManager.swift in Sources */ = {isa = PBXBuildFile; fileRef = 6108C5161C20CDA200FBBB71 /* SystemEventsManager.swift */; };
		610E4FD61C20BF60008F7619 /* UserEventsManager.swift in Sources */ = {isa = PBXBuildFile; fileRef = 610E4FD51C20BF60008F7619 /* UserEventsManager.swift */; };
		6118DCDE1C170E1900B5B2BC /* CustomTabBarItem.m in Sources */ = {isa = PBXBuildFile; fileRef = 6118DCDD1C170E1900B5B2BC /* CustomTabBarItem.m */; };
		6118DCE01C1738C700B5B2BC /* SideBarNavigationController.swift in Sources */ = {isa = PBXBuildFile; fileRef = 6118DCDF1C1738C700B5B2BC /* SideBarNavigationController.swift */; };
		6135CC171BF8F2AB000455BF /* ControllerManager.swift in Sources */ = {isa = PBXBuildFile; fileRef = 6135CC161BF8F2AB000455BF /* ControllerManager.swift */; };
		615786991C0262540079E273 /* BodyManager.swift in Sources */ = {isa = PBXBuildFile; fileRef = 615786981C0262540079E273 /* BodyManager.swift */; };
		615F11FC1C21E80600BB3C66 /* UIApplication+Utils.swift in Sources */ = {isa = PBXBuildFile; fileRef = 615F11FB1C21E80600BB3C66 /* UIApplication+Utils.swift */; };
		61685CA41C18B025005EFC9C /* ThunderCellBackground.swift in Sources */ = {isa = PBXBuildFile; fileRef = 61685CA31C18B025005EFC9C /* ThunderCellBackground.swift */; };
		61685CA61C18BC71005EFC9C /* ThunderBtnType3.swift in Sources */ = {isa = PBXBuildFile; fileRef = 61685CA51C18BC71005EFC9C /* ThunderBtnType3.swift */; };
		61685CA91C18D0FD005EFC9C /* ThunderCircularProgress.swift in Sources */ = {isa = PBXBuildFile; fileRef = 61685CA81C18D0FD005EFC9C /* ThunderCircularProgress.swift */; };
		61685CAB1C18D13F005EFC9C /* ThunderCircularProgressViewLayer.swift in Sources */ = {isa = PBXBuildFile; fileRef = 61685CAA1C18D13F005EFC9C /* ThunderCircularProgressViewLayer.swift */; };
		61685CAD1C18D1B3005EFC9C /* ThunderCircularProgressUtils.swift in Sources */ = {isa = PBXBuildFile; fileRef = 61685CAC1C18D1B3005EFC9C /* ThunderCircularProgressUtils.swift */; };
		617776421C1D94F8009135BE /* GlobalStorage.swift in Sources */ = {isa = PBXBuildFile; fileRef = 617776411C1D94F8009135BE /* GlobalStorage.swift */; };
		618B80751C06063000977A7A /* TimeSeriesManager.swift in Sources */ = {isa = PBXBuildFile; fileRef = 618B80741C06063000977A7A /* TimeSeriesManager.swift */; };
		618E0D511C0221CB000D2A46 /* MockNotifications.swift in Sources */ = {isa = PBXBuildFile; fileRef = 618E0D501C0221CB000D2A46 /* MockNotifications.swift */; };
		61A383051BFFA3CB00E8C4ED /* NotificationManager.swift in Sources */ = {isa = PBXBuildFile; fileRef = 61A383041BFFA3CB00E8C4ED /* NotificationManager.swift */; };
		61B2645B1C21859300815E96 /* ThunderTextFieldWithListeners.swift in Sources */ = {isa = PBXBuildFile; fileRef = 61B2645A1C21859300815E96 /* ThunderTextFieldWithListeners.swift */; };
		61C16CED1C04D62F009323F8 /* UserManager.swift in Sources */ = {isa = PBXBuildFile; fileRef = 61C16CEC1C04D62F009323F8 /* UserManager.swift */; };
		61C675D91C1A1C3E0078D693 /* DeviceViewController.swift in Sources */ = {isa = PBXBuildFile; fileRef = 61C675D81C1A1C3E0078D693 /* DeviceViewController.swift */; };
		61C675E41C1A23250078D693 /* DeviceDetailsViewController.swift in Sources */ = {isa = PBXBuildFile; fileRef = 61C675E31C1A23250078D693 /* DeviceDetailsViewController.swift */; };
		61CE7A6A1C00EB3A00101E08 /* UIColor+Hex.swift in Sources */ = {isa = PBXBuildFile; fileRef = 61CE7A691C00EB3A00101E08 /* UIColor+Hex.swift */; };
		61EE7A191BF8B55E005F83FB /* Localizable.strings in Resources */ = {isa = PBXBuildFile; fileRef = 61EE7A181BF8B55E005F83FB /* Localizable.strings */; };
		61F20A961BF911F200872CC0 /* ScannerManager.swift in Sources */ = {isa = PBXBuildFile; fileRef = 61F20A951BF911F200872CC0 /* ScannerManager.swift */; };
		61F71E841C2049D700828683 /* FirmwareUpdateViewController.swift in Sources */ = {isa = PBXBuildFile; fileRef = 61F71E831C2049D700828683 /* FirmwareUpdateViewController.swift */; };
		61F71E8E1C204BB800828683 /* Array+Utils.swift in Sources */ = {isa = PBXBuildFile; fileRef = 61F71E8D1C204BB800828683 /* Array+Utils.swift */; };
		61F71E901C204C1C00828683 /* FirmwareManager.swift in Sources */ = {isa = PBXBuildFile; fileRef = 61F71E8F1C204C1C00828683 /* FirmwareManager.swift */; };
		61F71E921C20536600828683 /* NSError+Utils.swift in Sources */ = {isa = PBXBuildFile; fileRef = 61F71E911C20536600828683 /* NSError+Utils.swift */; };
		61FC0D721C20E14B004844E0 /* BodyIQ.framework in Frameworks */ = {isa = PBXBuildFile; fileRef = 61FC0D681C20E14B004844E0 /* BodyIQ.framework */; };
		61FC0D731C20E14B004844E0 /* BodyIQ.framework in Embed Frameworks */ = {isa = PBXBuildFile; fileRef = 61FC0D681C20E14B004844E0 /* BodyIQ.framework */; settings = {ATTRIBUTES = (CodeSignOnCopy, RemoveHeadersOnCopy, ); }; };
		61FC0D741C20E14B004844E0 /* CDKBlobStore.framework in Frameworks */ = {isa = PBXBuildFile; fileRef = 61FC0D691C20E14B004844E0 /* CDKBlobStore.framework */; };
		61FC0D751C20E14B004844E0 /* CDKBlobStore.framework in Embed Frameworks */ = {isa = PBXBuildFile; fileRef = 61FC0D691C20E14B004844E0 /* CDKBlobStore.framework */; settings = {ATTRIBUTES = (CodeSignOnCopy, RemoveHeadersOnCopy, ); }; };
		61FC0D761C20E14B004844E0 /* CDKCore.framework in Frameworks */ = {isa = PBXBuildFile; fileRef = 61FC0D6A1C20E14B004844E0 /* CDKCore.framework */; };
		61FC0D771C20E14B004844E0 /* CDKCore.framework in Embed Frameworks */ = {isa = PBXBuildFile; fileRef = 61FC0D6A1C20E14B004844E0 /* CDKCore.framework */; settings = {ATTRIBUTES = (CodeSignOnCopy, RemoveHeadersOnCopy, ); }; };
		61FC0D781C20E14B004844E0 /* CDKDeviceProfileStore.framework in Frameworks */ = {isa = PBXBuildFile; fileRef = 61FC0D6B1C20E14B004844E0 /* CDKDeviceProfileStore.framework */; };
		61FC0D791C20E14B004844E0 /* CDKDeviceProfileStore.framework in Embed Frameworks */ = {isa = PBXBuildFile; fileRef = 61FC0D6B1C20E14B004844E0 /* CDKDeviceProfileStore.framework */; settings = {ATTRIBUTES = (CodeSignOnCopy, RemoveHeadersOnCopy, ); }; };
		61FC0D7A1C20E14B004844E0 /* CDKDocStore.framework in Frameworks */ = {isa = PBXBuildFile; fileRef = 61FC0D6C1C20E14B004844E0 /* CDKDocStore.framework */; };
		61FC0D7B1C20E14B004844E0 /* CDKDocStore.framework in Embed Frameworks */ = {isa = PBXBuildFile; fileRef = 61FC0D6C1C20E14B004844E0 /* CDKDocStore.framework */; settings = {ATTRIBUTES = (CodeSignOnCopy, RemoveHeadersOnCopy, ); }; };
		61FC0D7C1C20E14B004844E0 /* CDKProfileStore.framework in Frameworks */ = {isa = PBXBuildFile; fileRef = 61FC0D6D1C20E14B004844E0 /* CDKProfileStore.framework */; };
		61FC0D7D1C20E14B004844E0 /* CDKProfileStore.framework in Embed Frameworks */ = {isa = PBXBuildFile; fileRef = 61FC0D6D1C20E14B004844E0 /* CDKProfileStore.framework */; settings = {ATTRIBUTES = (CodeSignOnCopy, RemoveHeadersOnCopy, ); }; };
		61FC0D7E1C20E14B004844E0 /* CDKTimeSeries.framework in Frameworks */ = {isa = PBXBuildFile; fileRef = 61FC0D6E1C20E14B004844E0 /* CDKTimeSeries.framework */; };
		61FC0D7F1C20E14B004844E0 /* CDKTimeSeries.framework in Embed Frameworks */ = {isa = PBXBuildFile; fileRef = 61FC0D6E1C20E14B004844E0 /* CDKTimeSeries.framework */; settings = {ATTRIBUTES = (CodeSignOnCopy, RemoveHeadersOnCopy, ); }; };
		61FC0D801C20E14B004844E0 /* IQCore.framework in Frameworks */ = {isa = PBXBuildFile; fileRef = 61FC0D6F1C20E14B004844E0 /* IQCore.framework */; };
		61FC0D811C20E14B004844E0 /* IQCore.framework in Embed Frameworks */ = {isa = PBXBuildFile; fileRef = 61FC0D6F1C20E14B004844E0 /* IQCore.framework */; settings = {ATTRIBUTES = (CodeSignOnCopy, RemoveHeadersOnCopy, ); }; };
		61FC0D821C20E14B004844E0 /* Realm.framework in Frameworks */ = {isa = PBXBuildFile; fileRef = 61FC0D701C20E14B004844E0 /* Realm.framework */; };
		61FC0D831C20E14B004844E0 /* Realm.framework in Embed Frameworks */ = {isa = PBXBuildFile; fileRef = 61FC0D701C20E14B004844E0 /* Realm.framework */; settings = {ATTRIBUTES = (CodeSignOnCopy, RemoveHeadersOnCopy, ); }; };
		61FC0D841C20E14B004844E0 /* RealmSwift.framework in Frameworks */ = {isa = PBXBuildFile; fileRef = 61FC0D711C20E14B004844E0 /* RealmSwift.framework */; };
		61FC0D851C20E14B004844E0 /* RealmSwift.framework in Embed Frameworks */ = {isa = PBXBuildFile; fileRef = 61FC0D711C20E14B004844E0 /* RealmSwift.framework */; settings = {ATTRIBUTES = (CodeSignOnCopy, RemoveHeadersOnCopy, ); }; };
		61FC0D8E1C20E17C004844E0 /* BodyIQ.framework.dSYM in CopyFiles */ = {isa = PBXBuildFile; fileRef = 61FC0D861C20E17C004844E0 /* BodyIQ.framework.dSYM */; };
		61FC0D8F1C20E17C004844E0 /* CDKBlobStore.framework.dSYM in CopyFiles */ = {isa = PBXBuildFile; fileRef = 61FC0D871C20E17C004844E0 /* CDKBlobStore.framework.dSYM */; };
		61FC0D901C20E17C004844E0 /* CDKCore.framework.dSYM in CopyFiles */ = {isa = PBXBuildFile; fileRef = 61FC0D881C20E17C004844E0 /* CDKCore.framework.dSYM */; };
		61FC0D911C20E17C004844E0 /* CDKDeviceProfileStore.framework.dSYM in CopyFiles */ = {isa = PBXBuildFile; fileRef = 61FC0D891C20E17C004844E0 /* CDKDeviceProfileStore.framework.dSYM */; };
		61FC0D921C20E17C004844E0 /* CDKDocStore.framework.dSYM in CopyFiles */ = {isa = PBXBuildFile; fileRef = 61FC0D8A1C20E17C004844E0 /* CDKDocStore.framework.dSYM */; };
		61FC0D931C20E17C004844E0 /* CDKProfileStore.framework.dSYM in CopyFiles */ = {isa = PBXBuildFile; fileRef = 61FC0D8B1C20E17C004844E0 /* CDKProfileStore.framework.dSYM */; };
		61FC0D941C20E17C004844E0 /* CDKTimeSeries.framework.dSYM in CopyFiles */ = {isa = PBXBuildFile; fileRef = 61FC0D8C1C20E17C004844E0 /* CDKTimeSeries.framework.dSYM */; };
		61FC0D951C20E17C004844E0 /* IQCore.framework.dSYM in CopyFiles */ = {isa = PBXBuildFile; fileRef = 61FC0D8D1C20E17C004844E0 /* IQCore.framework.dSYM */; };
		61FC0D9A1C20E1C4004844E0 /* LICENSE in Resources */ = {isa = PBXBuildFile; fileRef = 61FC0D971C20E1C4004844E0 /* LICENSE */; };
		61FC0D9B1C20E1C4004844E0 /* MBProgressHUD.m in Sources */ = {isa = PBXBuildFile; fileRef = 61FC0D991C20E1C4004844E0 /* MBProgressHUD.m */; };
		DA0991341C0E9A3900B56934 /* UIView+Utils.swift in Sources */ = {isa = PBXBuildFile; fileRef = DA0991331C0E9A3900B56934 /* UIView+Utils.swift */; };
		DA09913E1C0EA0A900B56934 /* ThunderDropdownMenu.swift in Sources */ = {isa = PBXBuildFile; fileRef = DA09913D1C0EA0A900B56934 /* ThunderDropdownMenu.swift */; };
		DA24A0E01C0A09500057DA13 /* NSDate+Utils.swift in Sources */ = {isa = PBXBuildFile; fileRef = DA24A0DF1C0A09500057DA13 /* NSDate+Utils.swift */; };
		DA4636D31C1279C900778F19 /* ContainerVC.swift in Sources */ = {isa = PBXBuildFile; fileRef = DA4636CD1C1279C900778F19 /* ContainerVC.swift */; };
		DA4636D41C1279C900778F19 /* ActivityViewController.swift in Sources */ = {isa = PBXBuildFile; fileRef = DA4636CE1C1279C900778F19 /* ActivityViewController.swift */; };
		DA4636D51C1279C900778F19 /* LeftMenuViewController.swift in Sources */ = {isa = PBXBuildFile; fileRef = DA4636CF1C1279C900778F19 /* LeftMenuViewController.swift */; };
		DA4636D61C1279C900778F19 /* ModalWindow.swift in Sources */ = {isa = PBXBuildFile; fileRef = DA4636D01C1279C900778F19 /* ModalWindow.swift */; };
		DA4636D71C1279C900778F19 /* SessionsViewController.swift in Sources */ = {isa = PBXBuildFile; fileRef = DA4636D11C1279C900778F19 /* SessionsViewController.swift */; };
		DA4636D81C1279C900778F19 /* TabVCTemplate.swift in Sources */ = {isa = PBXBuildFile; fileRef = DA4636D21C1279C900778F19 /* TabVCTemplate.swift */; };
		DA8A5F5B1C0FBE0D00EFA485 /* LocalDataStoreManager.swift in Sources */ = {isa = PBXBuildFile; fileRef = DA8A5F5A1C0FBE0D00EFA485 /* LocalDataStoreManager.swift */; };
		DA8A5F611C0FD7FF00EFA485 /* CredentialsViewController.swift in Sources */ = {isa = PBXBuildFile; fileRef = DA8A5F601C0FD7FF00EFA485 /* CredentialsViewController.swift */; };
		DA8A5F6B1C10F23600EFA485 /* ThunderPicker.swift in Sources */ = {isa = PBXBuildFile; fileRef = DA8A5F6A1C10F23600EFA485 /* ThunderPicker.swift */; };
		DA8A5F6D1C10FF8A00EFA485 /* WeightViewController.swift in Sources */ = {isa = PBXBuildFile; fileRef = DA8A5F6C1C10FF8A00EFA485 /* WeightViewController.swift */; };
		DA8A5F6F1C110D3D00EFA485 /* ThunderTextFieldNumber.swift in Sources */ = {isa = PBXBuildFile; fileRef = DA8A5F6E1C110D3D00EFA485 /* ThunderTextFieldNumber.swift */; };
		DA8A5F791C111E9500EFA485 /* HeightViewController.swift in Sources */ = {isa = PBXBuildFile; fileRef = DA8A5F781C111E9500EFA485 /* HeightViewController.swift */; };
		DA8A5F7D1C1127AD00EFA485 /* SyncDeviceViewController.swift in Sources */ = {isa = PBXBuildFile; fileRef = DA8A5F7C1C1127AD00EFA485 /* SyncDeviceViewController.swift */; };
		DAB686091C0FAE3600D6486E /* ThunderDropdownListTableView.swift in Sources */ = {isa = PBXBuildFile; fileRef = DAB686071C0FAE3600D6486E /* ThunderDropdownListTableView.swift */; };
		DAB6860A1C0FAE3600D6486E /* ThunderDropdownListTableViewCell.swift in Sources */ = {isa = PBXBuildFile; fileRef = DAB686081C0FAE3600D6486E /* ThunderDropdownListTableViewCell.swift */; };
		DAB6860C1C0FAEA800D6486E /* ThunderDropdownListWrapperView.swift in Sources */ = {isa = PBXBuildFile; fileRef = DAB6860B1C0FAEA800D6486E /* ThunderDropdownListWrapperView.swift */; };
		DAB6860E1C0FAED800D6486E /* ThunderDropdownMenuConfiguration.swift in Sources */ = {isa = PBXBuildFile; fileRef = DAB6860D1C0FAED800D6486E /* ThunderDropdownMenuConfiguration.swift */; };
		DAB686101C0FB1DF00D6486E /* String+Utils.swift in Sources */ = {isa = PBXBuildFile; fileRef = DAB6860F1C0FB1DF00D6486E /* String+Utils.swift */; };
		DABD5BB01BF3D13400181EDE /* PeriferalManager.swift in Sources */ = {isa = PBXBuildFile; fileRef = DABD5BAF1BF3D13400181EDE /* PeriferalManager.swift */; };
		DAC6D9841C1BA32B006C67CC /* EncryptionKeyStorage.swift in Sources */ = {isa = PBXBuildFile; fileRef = DAC6D9831C1BA32B006C67CC /* EncryptionKeyStorage.swift */; };
		DAC99F3B1C1159EA00528228 /* ScannerViewController.swift in Sources */ = {isa = PBXBuildFile; fileRef = DAC99F3A1C1159EA00528228 /* ScannerViewController.swift */; };
		DAE5C2231C0BB50D008884EF /* ProgressView.swift in Sources */ = {isa = PBXBuildFile; fileRef = DAE5C2221C0BB50D008884EF /* ProgressView.swift */; };
		DAE5C2351C0BEE1B008884EF /* LoginViewController.swift in Sources */ = {isa = PBXBuildFile; fileRef = DAE5C2341C0BEE1B008884EF /* LoginViewController.swift */; };
		DAE5C2391C0CD611008884EF /* ThunderBtnType1.swift in Sources */ = {isa = PBXBuildFile; fileRef = DAE5C2381C0CD611008884EF /* ThunderBtnType1.swift */; };
		DAE5C23B1C0CDE7E008884EF /* ThunderBtnType2.swift in Sources */ = {isa = PBXBuildFile; fileRef = DAE5C23A1C0CDE7E008884EF /* ThunderBtnType2.swift */; };
		DAE5C23D1C0CE9E6008884EF /* CreateAccountViewController.swift in Sources */ = {isa = PBXBuildFile; fileRef = DAE5C23C1C0CE9E6008884EF /* CreateAccountViewController.swift */; };
		DAE5C2401C0D0C07008884EF /* ThunderNavBarItem.swift in Sources */ = {isa = PBXBuildFile; fileRef = DAE5C23F1C0D0C07008884EF /* ThunderNavBarItem.swift */; };
		DAE5C2441C0E2170008884EF /* ThunderTextField.swift in Sources */ = {isa = PBXBuildFile; fileRef = DAE5C2431C0E2170008884EF /* ThunderTextField.swift */; };
		DAF3B1101BEDAE9100913EED /* AppDelegate.swift in Sources */ = {isa = PBXBuildFile; fileRef = DAF3B10F1BEDAE9100913EED /* AppDelegate.swift */; };
		DAF3B1121BEDAE9100913EED /* ViewController.swift in Sources */ = {isa = PBXBuildFile; fileRef = DAF3B1111BEDAE9100913EED /* ViewController.swift */; };
		DAF3B1151BEDAE9100913EED /* Main.storyboard in Resources */ = {isa = PBXBuildFile; fileRef = DAF3B1131BEDAE9100913EED /* Main.storyboard */; };
		DAF3B1171BEDAE9100913EED /* Assets.xcassets in Resources */ = {isa = PBXBuildFile; fileRef = DAF3B1161BEDAE9100913EED /* Assets.xcassets */; };
		DAF3B11A1BEDAE9100913EED /* LaunchScreen.storyboard in Resources */ = {isa = PBXBuildFile; fileRef = DAF3B1181BEDAE9100913EED /* LaunchScreen.storyboard */; };
		DAF3B1251BEDAE9100913EED /* ThunderAppTests.swift in Sources */ = {isa = PBXBuildFile; fileRef = DAF3B1241BEDAE9100913EED /* ThunderAppTests.swift */; };
		DAF3B1301BEDAE9100913EED /* ThunderAppUITests.swift in Sources */ = {isa = PBXBuildFile; fileRef = DAF3B12F1BEDAE9100913EED /* ThunderAppUITests.swift */; };
		DAF3EA181BF119D3007B8222 /* Logger.swift in Sources */ = {isa = PBXBuildFile; fileRef = DAF3EA171BF119D3007B8222 /* Logger.swift */; };
		DAF3EA1A1BF119DC007B8222 /* Constants.swift in Sources */ = {isa = PBXBuildFile; fileRef = DAF3EA191BF119DC007B8222 /* Constants.swift */; };
		DAF5A44D1C0A2C1700289C40 /* FileManager.swift in Sources */ = {isa = PBXBuildFile; fileRef = DAF5A44C1C0A2C1700289C40 /* FileManager.swift */; };
		DAF5A4561C0A405A00289C40 /* SplashViewController.swift in Sources */ = {isa = PBXBuildFile; fileRef = DAF5A4551C0A405A00289C40 /* SplashViewController.swift */; };
		DAF5A45C1C0A4DD600289C40 /* UIViewController+Utils.swift in Sources */ = {isa = PBXBuildFile; fileRef = DAF5A45B1C0A4DD600289C40 /* UIViewController+Utils.swift */; };
		DAF7CE8C1BF1826600D32BC1 /* Loading.swift in Sources */ = {isa = PBXBuildFile; fileRef = DAF7CE8B1BF1826600D32BC1 /* Loading.swift */; };
		DAF7CE8E1BF2874000D32BC1 /* Errors.swift in Sources */ = {isa = PBXBuildFile; fileRef = DAF7CE8D1BF2874000D32BC1 /* Errors.swift */; };
		DAF7CE931BF28B1800D32BC1 /* NSThread+blocks.swift in Sources */ = {isa = PBXBuildFile; fileRef = DAF7CE921BF28B1800D32BC1 /* NSThread+blocks.swift */; };
/* End PBXBuildFile section */

/* Begin PBXContainerItemProxy section */
		DAF3B1211BEDAE9100913EED /* PBXContainerItemProxy */ = {
			isa = PBXContainerItemProxy;
			containerPortal = DAF3B1041BEDAE9100913EED /* Project object */;
			proxyType = 1;
			remoteGlobalIDString = DAF3B10B1BEDAE9100913EED;
			remoteInfo = ThunderApp;
		};
		DAF3B12C1BEDAE9100913EED /* PBXContainerItemProxy */ = {
			isa = PBXContainerItemProxy;
			containerPortal = DAF3B1041BEDAE9100913EED /* Project object */;
			proxyType = 1;
			remoteGlobalIDString = DAF3B10B1BEDAE9100913EED;
			remoteInfo = ThunderApp;
		};
/* End PBXContainerItemProxy section */

/* Begin PBXCopyFilesBuildPhase section */
		DA41E1171BEEFE9D00301C95 /* Embed Frameworks */ = {
			isa = PBXCopyFilesBuildPhase;
			buildActionMask = 2147483647;
			dstPath = "";
			dstSubfolderSpec = 10;
			files = (
				61FC0D831C20E14B004844E0 /* Realm.framework in Embed Frameworks */,
				61FC0D7B1C20E14B004844E0 /* CDKDocStore.framework in Embed Frameworks */,
				61FC0D751C20E14B004844E0 /* CDKBlobStore.framework in Embed Frameworks */,
				61FC0D731C20E14B004844E0 /* BodyIQ.framework in Embed Frameworks */,
				61FC0D7D1C20E14B004844E0 /* CDKProfileStore.framework in Embed Frameworks */,
				61FC0D771C20E14B004844E0 /* CDKCore.framework in Embed Frameworks */,
				61FC0D851C20E14B004844E0 /* RealmSwift.framework in Embed Frameworks */,
				61FC0D791C20E14B004844E0 /* CDKDeviceProfileStore.framework in Embed Frameworks */,
				61FC0D7F1C20E14B004844E0 /* CDKTimeSeries.framework in Embed Frameworks */,
				61FC0D811C20E14B004844E0 /* IQCore.framework in Embed Frameworks */,
			);
			name = "Embed Frameworks";
			runOnlyForDeploymentPostprocessing = 0;
		};
		DA7B8EA01BEE64B100C742B1 /* CopyFiles */ = {
			isa = PBXCopyFilesBuildPhase;
			buildActionMask = 2147483647;
			dstPath = "";
			dstSubfolderSpec = 16;
			files = (
				61FC0D8E1C20E17C004844E0 /* BodyIQ.framework.dSYM in CopyFiles */,
				61FC0D8F1C20E17C004844E0 /* CDKBlobStore.framework.dSYM in CopyFiles */,
				61FC0D901C20E17C004844E0 /* CDKCore.framework.dSYM in CopyFiles */,
				61FC0D911C20E17C004844E0 /* CDKDeviceProfileStore.framework.dSYM in CopyFiles */,
				61FC0D921C20E17C004844E0 /* CDKDocStore.framework.dSYM in CopyFiles */,
				61FC0D931C20E17C004844E0 /* CDKProfileStore.framework.dSYM in CopyFiles */,
				61FC0D941C20E17C004844E0 /* CDKTimeSeries.framework.dSYM in CopyFiles */,
				61FC0D951C20E17C004844E0 /* IQCore.framework.dSYM in CopyFiles */,
			);
			runOnlyForDeploymentPostprocessing = 0;
		};
/* End PBXCopyFilesBuildPhase section */

/* Begin PBXFileReference section */
		6108C5161C20CDA200FBBB71 /* SystemEventsManager.swift */ = {isa = PBXFileReference; fileEncoding = 4; lastKnownFileType = sourcecode.swift; path = SystemEventsManager.swift; sourceTree = "<group>"; };
		610E4FD51C20BF60008F7619 /* UserEventsManager.swift */ = {isa = PBXFileReference; fileEncoding = 4; lastKnownFileType = sourcecode.swift; path = UserEventsManager.swift; sourceTree = "<group>"; };
		6118DCDB1C170E1900B5B2BC /* ThunderApp-Bridging-Header.h */ = {isa = PBXFileReference; lastKnownFileType = sourcecode.c.h; path = "ThunderApp-Bridging-Header.h"; sourceTree = "<group>"; };
		6118DCDC1C170E1900B5B2BC /* CustomTabBarItem.h */ = {isa = PBXFileReference; fileEncoding = 4; lastKnownFileType = sourcecode.c.h; path = CustomTabBarItem.h; sourceTree = "<group>"; };
		6118DCDD1C170E1900B5B2BC /* CustomTabBarItem.m */ = {isa = PBXFileReference; fileEncoding = 4; lastKnownFileType = sourcecode.c.objc; path = CustomTabBarItem.m; sourceTree = "<group>"; };
		6118DCDF1C1738C700B5B2BC /* SideBarNavigationController.swift */ = {isa = PBXFileReference; fileEncoding = 4; lastKnownFileType = sourcecode.swift; path = SideBarNavigationController.swift; sourceTree = "<group>"; };
		6135CC161BF8F2AB000455BF /* ControllerManager.swift */ = {isa = PBXFileReference; fileEncoding = 4; lastKnownFileType = sourcecode.swift; path = ControllerManager.swift; sourceTree = "<group>"; };
		615786981C0262540079E273 /* BodyManager.swift */ = {isa = PBXFileReference; fileEncoding = 4; lastKnownFileType = sourcecode.swift; path = BodyManager.swift; sourceTree = "<group>"; };
		615F11FB1C21E80600BB3C66 /* UIApplication+Utils.swift */ = {isa = PBXFileReference; fileEncoding = 4; lastKnownFileType = sourcecode.swift; path = "UIApplication+Utils.swift"; sourceTree = "<group>"; };
		61685CA31C18B025005EFC9C /* ThunderCellBackground.swift */ = {isa = PBXFileReference; fileEncoding = 4; lastKnownFileType = sourcecode.swift; path = ThunderCellBackground.swift; sourceTree = "<group>"; };
		61685CA51C18BC71005EFC9C /* ThunderBtnType3.swift */ = {isa = PBXFileReference; fileEncoding = 4; lastKnownFileType = sourcecode.swift; path = ThunderBtnType3.swift; sourceTree = "<group>"; };
		61685CA81C18D0FD005EFC9C /* ThunderCircularProgress.swift */ = {isa = PBXFileReference; fileEncoding = 4; lastKnownFileType = sourcecode.swift; path = ThunderCircularProgress.swift; sourceTree = "<group>"; };
		61685CAA1C18D13F005EFC9C /* ThunderCircularProgressViewLayer.swift */ = {isa = PBXFileReference; fileEncoding = 4; lastKnownFileType = sourcecode.swift; path = ThunderCircularProgressViewLayer.swift; sourceTree = "<group>"; };
		61685CAC1C18D1B3005EFC9C /* ThunderCircularProgressUtils.swift */ = {isa = PBXFileReference; fileEncoding = 4; lastKnownFileType = sourcecode.swift; path = ThunderCircularProgressUtils.swift; sourceTree = "<group>"; };
		617776411C1D94F8009135BE /* GlobalStorage.swift */ = {isa = PBXFileReference; fileEncoding = 4; lastKnownFileType = sourcecode.swift; path = GlobalStorage.swift; sourceTree = "<group>"; };
		618B80741C06063000977A7A /* TimeSeriesManager.swift */ = {isa = PBXFileReference; fileEncoding = 4; lastKnownFileType = sourcecode.swift; path = TimeSeriesManager.swift; sourceTree = "<group>"; };
		618E0D501C0221CB000D2A46 /* MockNotifications.swift */ = {isa = PBXFileReference; fileEncoding = 4; lastKnownFileType = sourcecode.swift; path = MockNotifications.swift; sourceTree = "<group>"; };
		61A383041BFFA3CB00E8C4ED /* NotificationManager.swift */ = {isa = PBXFileReference; fileEncoding = 4; lastKnownFileType = sourcecode.swift; path = NotificationManager.swift; sourceTree = "<group>"; };
		61B2645A1C21859300815E96 /* ThunderTextFieldWithListeners.swift */ = {isa = PBXFileReference; fileEncoding = 4; lastKnownFileType = sourcecode.swift; path = ThunderTextFieldWithListeners.swift; sourceTree = "<group>"; };
		61C16CEC1C04D62F009323F8 /* UserManager.swift */ = {isa = PBXFileReference; fileEncoding = 4; lastKnownFileType = sourcecode.swift; path = UserManager.swift; sourceTree = "<group>"; };
		61C675D81C1A1C3E0078D693 /* DeviceViewController.swift */ = {isa = PBXFileReference; fileEncoding = 4; lastKnownFileType = sourcecode.swift; path = DeviceViewController.swift; sourceTree = "<group>"; };
		61C675E31C1A23250078D693 /* DeviceDetailsViewController.swift */ = {isa = PBXFileReference; fileEncoding = 4; lastKnownFileType = sourcecode.swift; path = DeviceDetailsViewController.swift; sourceTree = "<group>"; };
		61CE7A691C00EB3A00101E08 /* UIColor+Hex.swift */ = {isa = PBXFileReference; fileEncoding = 4; lastKnownFileType = sourcecode.swift; path = "UIColor+Hex.swift"; sourceTree = "<group>"; };
		61EE7A181BF8B55E005F83FB /* Localizable.strings */ = {isa = PBXFileReference; fileEncoding = 4; lastKnownFileType = text.plist.strings; path = Localizable.strings; sourceTree = "<group>"; };
		61F20A951BF911F200872CC0 /* ScannerManager.swift */ = {isa = PBXFileReference; fileEncoding = 4; lastKnownFileType = sourcecode.swift; path = ScannerManager.swift; sourceTree = "<group>"; };
		61F71E831C2049D700828683 /* FirmwareUpdateViewController.swift */ = {isa = PBXFileReference; fileEncoding = 4; lastKnownFileType = sourcecode.swift; path = FirmwareUpdateViewController.swift; sourceTree = "<group>"; };
		61F71E8D1C204BB800828683 /* Array+Utils.swift */ = {isa = PBXFileReference; fileEncoding = 4; lastKnownFileType = sourcecode.swift; path = "Array+Utils.swift"; sourceTree = "<group>"; };
		61F71E8F1C204C1C00828683 /* FirmwareManager.swift */ = {isa = PBXFileReference; fileEncoding = 4; lastKnownFileType = sourcecode.swift; path = FirmwareManager.swift; sourceTree = "<group>"; };
		61F71E911C20536600828683 /* NSError+Utils.swift */ = {isa = PBXFileReference; fileEncoding = 4; lastKnownFileType = sourcecode.swift; path = "NSError+Utils.swift"; sourceTree = "<group>"; };
		61FC0D681C20E14B004844E0 /* BodyIQ.framework */ = {isa = PBXFileReference; lastKnownFileType = wrapper.framework; name = BodyIQ.framework; path = Build/iOS/BodyIQ.framework; sourceTree = "<group>"; };
		61FC0D691C20E14B004844E0 /* CDKBlobStore.framework */ = {isa = PBXFileReference; lastKnownFileType = wrapper.framework; name = CDKBlobStore.framework; path = Build/iOS/CDKBlobStore.framework; sourceTree = "<group>"; };
		61FC0D6A1C20E14B004844E0 /* CDKCore.framework */ = {isa = PBXFileReference; lastKnownFileType = wrapper.framework; name = CDKCore.framework; path = Build/iOS/CDKCore.framework; sourceTree = "<group>"; };
		61FC0D6B1C20E14B004844E0 /* CDKDeviceProfileStore.framework */ = {isa = PBXFileReference; lastKnownFileType = wrapper.framework; name = CDKDeviceProfileStore.framework; path = Build/iOS/CDKDeviceProfileStore.framework; sourceTree = "<group>"; };
		61FC0D6C1C20E14B004844E0 /* CDKDocStore.framework */ = {isa = PBXFileReference; lastKnownFileType = wrapper.framework; name = CDKDocStore.framework; path = Build/iOS/CDKDocStore.framework; sourceTree = "<group>"; };
		61FC0D6D1C20E14B004844E0 /* CDKProfileStore.framework */ = {isa = PBXFileReference; lastKnownFileType = wrapper.framework; name = CDKProfileStore.framework; path = Build/iOS/CDKProfileStore.framework; sourceTree = "<group>"; };
		61FC0D6E1C20E14B004844E0 /* CDKTimeSeries.framework */ = {isa = PBXFileReference; lastKnownFileType = wrapper.framework; name = CDKTimeSeries.framework; path = Build/iOS/CDKTimeSeries.framework; sourceTree = "<group>"; };
		61FC0D6F1C20E14B004844E0 /* IQCore.framework */ = {isa = PBXFileReference; lastKnownFileType = wrapper.framework; name = IQCore.framework; path = Build/iOS/IQCore.framework; sourceTree = "<group>"; };
		61FC0D701C20E14B004844E0 /* Realm.framework */ = {isa = PBXFileReference; lastKnownFileType = wrapper.framework; name = Realm.framework; path = Build/iOS/Realm.framework; sourceTree = "<group>"; };
		61FC0D711C20E14B004844E0 /* RealmSwift.framework */ = {isa = PBXFileReference; lastKnownFileType = wrapper.framework; name = RealmSwift.framework; path = Build/iOS/RealmSwift.framework; sourceTree = "<group>"; };
		61FC0D861C20E17C004844E0 /* BodyIQ.framework.dSYM */ = {isa = PBXFileReference; lastKnownFileType = wrapper.dsym; name = BodyIQ.framework.dSYM; path = Build/iOS/BodyIQ.framework.dSYM; sourceTree = "<group>"; };
		61FC0D871C20E17C004844E0 /* CDKBlobStore.framework.dSYM */ = {isa = PBXFileReference; lastKnownFileType = wrapper.dsym; name = CDKBlobStore.framework.dSYM; path = Build/iOS/CDKBlobStore.framework.dSYM; sourceTree = "<group>"; };
		61FC0D881C20E17C004844E0 /* CDKCore.framework.dSYM */ = {isa = PBXFileReference; lastKnownFileType = wrapper.dsym; name = CDKCore.framework.dSYM; path = Build/iOS/CDKCore.framework.dSYM; sourceTree = "<group>"; };
		61FC0D891C20E17C004844E0 /* CDKDeviceProfileStore.framework.dSYM */ = {isa = PBXFileReference; lastKnownFileType = wrapper.dsym; name = CDKDeviceProfileStore.framework.dSYM; path = Build/iOS/CDKDeviceProfileStore.framework.dSYM; sourceTree = "<group>"; };
		61FC0D8A1C20E17C004844E0 /* CDKDocStore.framework.dSYM */ = {isa = PBXFileReference; lastKnownFileType = wrapper.dsym; name = CDKDocStore.framework.dSYM; path = Build/iOS/CDKDocStore.framework.dSYM; sourceTree = "<group>"; };
		61FC0D8B1C20E17C004844E0 /* CDKProfileStore.framework.dSYM */ = {isa = PBXFileReference; lastKnownFileType = wrapper.dsym; name = CDKProfileStore.framework.dSYM; path = Build/iOS/CDKProfileStore.framework.dSYM; sourceTree = "<group>"; };
		61FC0D8C1C20E17C004844E0 /* CDKTimeSeries.framework.dSYM */ = {isa = PBXFileReference; lastKnownFileType = wrapper.dsym; name = CDKTimeSeries.framework.dSYM; path = Build/iOS/CDKTimeSeries.framework.dSYM; sourceTree = "<group>"; };
		61FC0D8D1C20E17C004844E0 /* IQCore.framework.dSYM */ = {isa = PBXFileReference; lastKnownFileType = wrapper.dsym; name = IQCore.framework.dSYM; path = Build/iOS/IQCore.framework.dSYM; sourceTree = "<group>"; };
		61FC0D971C20E1C4004844E0 /* LICENSE */ = {isa = PBXFileReference; fileEncoding = 4; lastKnownFileType = text; path = LICENSE; sourceTree = "<group>"; };
		61FC0D981C20E1C4004844E0 /* MBProgressHUD.h */ = {isa = PBXFileReference; fileEncoding = 4; lastKnownFileType = sourcecode.c.h; path = MBProgressHUD.h; sourceTree = "<group>"; };
		61FC0D991C20E1C4004844E0 /* MBProgressHUD.m */ = {isa = PBXFileReference; fileEncoding = 4; lastKnownFileType = sourcecode.c.objc; path = MBProgressHUD.m; sourceTree = "<group>"; };
		DA0991331C0E9A3900B56934 /* UIView+Utils.swift */ = {isa = PBXFileReference; fileEncoding = 4; lastKnownFileType = sourcecode.swift; path = "UIView+Utils.swift"; sourceTree = "<group>"; };
		DA09913D1C0EA0A900B56934 /* ThunderDropdownMenu.swift */ = {isa = PBXFileReference; fileEncoding = 4; lastKnownFileType = sourcecode.swift; path = ThunderDropdownMenu.swift; sourceTree = "<group>"; };
		DA24A0DF1C0A09500057DA13 /* NSDate+Utils.swift */ = {isa = PBXFileReference; fileEncoding = 4; lastKnownFileType = sourcecode.swift; path = "NSDate+Utils.swift"; sourceTree = "<group>"; };
		DA4636CD1C1279C900778F19 /* ContainerVC.swift */ = {isa = PBXFileReference; fileEncoding = 4; lastKnownFileType = sourcecode.swift; path = ContainerVC.swift; sourceTree = "<group>"; };
		DA4636CE1C1279C900778F19 /* ActivityViewController.swift */ = {isa = PBXFileReference; fileEncoding = 4; lastKnownFileType = sourcecode.swift; path = ActivityViewController.swift; sourceTree = "<group>"; };
		DA4636CF1C1279C900778F19 /* LeftMenuViewController.swift */ = {isa = PBXFileReference; fileEncoding = 4; lastKnownFileType = sourcecode.swift; path = LeftMenuViewController.swift; sourceTree = "<group>"; };
		DA4636D01C1279C900778F19 /* ModalWindow.swift */ = {isa = PBXFileReference; fileEncoding = 4; lastKnownFileType = sourcecode.swift; path = ModalWindow.swift; sourceTree = "<group>"; };
		DA4636D11C1279C900778F19 /* SessionsViewController.swift */ = {isa = PBXFileReference; fileEncoding = 4; lastKnownFileType = sourcecode.swift; path = SessionsViewController.swift; sourceTree = "<group>"; };
		DA4636D21C1279C900778F19 /* TabVCTemplate.swift */ = {isa = PBXFileReference; fileEncoding = 4; lastKnownFileType = sourcecode.swift; path = TabVCTemplate.swift; sourceTree = "<group>"; };
		DA8A5F5A1C0FBE0D00EFA485 /* LocalDataStoreManager.swift */ = {isa = PBXFileReference; fileEncoding = 4; lastKnownFileType = sourcecode.swift; path = LocalDataStoreManager.swift; sourceTree = "<group>"; };
		DA8A5F601C0FD7FF00EFA485 /* CredentialsViewController.swift */ = {isa = PBXFileReference; fileEncoding = 4; lastKnownFileType = sourcecode.swift; path = CredentialsViewController.swift; sourceTree = "<group>"; };
		DA8A5F6A1C10F23600EFA485 /* ThunderPicker.swift */ = {isa = PBXFileReference; fileEncoding = 4; lastKnownFileType = sourcecode.swift; path = ThunderPicker.swift; sourceTree = "<group>"; };
		DA8A5F6C1C10FF8A00EFA485 /* WeightViewController.swift */ = {isa = PBXFileReference; fileEncoding = 4; lastKnownFileType = sourcecode.swift; path = WeightViewController.swift; sourceTree = "<group>"; };
		DA8A5F6E1C110D3D00EFA485 /* ThunderTextFieldNumber.swift */ = {isa = PBXFileReference; fileEncoding = 4; lastKnownFileType = sourcecode.swift; path = ThunderTextFieldNumber.swift; sourceTree = "<group>"; };
		DA8A5F781C111E9500EFA485 /* HeightViewController.swift */ = {isa = PBXFileReference; fileEncoding = 4; lastKnownFileType = sourcecode.swift; path = HeightViewController.swift; sourceTree = "<group>"; };
		DA8A5F7C1C1127AD00EFA485 /* SyncDeviceViewController.swift */ = {isa = PBXFileReference; fileEncoding = 4; lastKnownFileType = sourcecode.swift; path = SyncDeviceViewController.swift; sourceTree = "<group>"; };
		DAB686071C0FAE3600D6486E /* ThunderDropdownListTableView.swift */ = {isa = PBXFileReference; fileEncoding = 4; lastKnownFileType = sourcecode.swift; path = ThunderDropdownListTableView.swift; sourceTree = "<group>"; };
		DAB686081C0FAE3600D6486E /* ThunderDropdownListTableViewCell.swift */ = {isa = PBXFileReference; fileEncoding = 4; lastKnownFileType = sourcecode.swift; path = ThunderDropdownListTableViewCell.swift; sourceTree = "<group>"; };
		DAB6860B1C0FAEA800D6486E /* ThunderDropdownListWrapperView.swift */ = {isa = PBXFileReference; fileEncoding = 4; lastKnownFileType = sourcecode.swift; path = ThunderDropdownListWrapperView.swift; sourceTree = "<group>"; };
		DAB6860D1C0FAED800D6486E /* ThunderDropdownMenuConfiguration.swift */ = {isa = PBXFileReference; fileEncoding = 4; lastKnownFileType = sourcecode.swift; path = ThunderDropdownMenuConfiguration.swift; sourceTree = "<group>"; };
		DAB6860F1C0FB1DF00D6486E /* String+Utils.swift */ = {isa = PBXFileReference; fileEncoding = 4; lastKnownFileType = sourcecode.swift; path = "String+Utils.swift"; sourceTree = "<group>"; };
		DABD5BAF1BF3D13400181EDE /* PeriferalManager.swift */ = {isa = PBXFileReference; fileEncoding = 4; lastKnownFileType = sourcecode.swift; path = PeriferalManager.swift; sourceTree = "<group>"; };
		DAC6D9831C1BA32B006C67CC /* EncryptionKeyStorage.swift */ = {isa = PBXFileReference; fileEncoding = 4; lastKnownFileType = sourcecode.swift; path = EncryptionKeyStorage.swift; sourceTree = "<group>"; };
		DAC99F3A1C1159EA00528228 /* ScannerViewController.swift */ = {isa = PBXFileReference; fileEncoding = 4; lastKnownFileType = sourcecode.swift; path = ScannerViewController.swift; sourceTree = "<group>"; };
		DAE5C2221C0BB50D008884EF /* ProgressView.swift */ = {isa = PBXFileReference; fileEncoding = 4; lastKnownFileType = sourcecode.swift; path = ProgressView.swift; sourceTree = "<group>"; };
		DAE5C2341C0BEE1B008884EF /* LoginViewController.swift */ = {isa = PBXFileReference; fileEncoding = 4; lastKnownFileType = sourcecode.swift; path = LoginViewController.swift; sourceTree = "<group>"; };
		DAE5C2381C0CD611008884EF /* ThunderBtnType1.swift */ = {isa = PBXFileReference; fileEncoding = 4; lastKnownFileType = sourcecode.swift; path = ThunderBtnType1.swift; sourceTree = "<group>"; };
		DAE5C23A1C0CDE7E008884EF /* ThunderBtnType2.swift */ = {isa = PBXFileReference; fileEncoding = 4; lastKnownFileType = sourcecode.swift; path = ThunderBtnType2.swift; sourceTree = "<group>"; };
		DAE5C23C1C0CE9E6008884EF /* CreateAccountViewController.swift */ = {isa = PBXFileReference; fileEncoding = 4; lastKnownFileType = sourcecode.swift; path = CreateAccountViewController.swift; sourceTree = "<group>"; };
		DAE5C23F1C0D0C07008884EF /* ThunderNavBarItem.swift */ = {isa = PBXFileReference; fileEncoding = 4; lastKnownFileType = sourcecode.swift; path = ThunderNavBarItem.swift; sourceTree = "<group>"; };
		DAE5C2431C0E2170008884EF /* ThunderTextField.swift */ = {isa = PBXFileReference; fileEncoding = 4; lastKnownFileType = sourcecode.swift; path = ThunderTextField.swift; sourceTree = "<group>"; };
		DAF3B10C1BEDAE9100913EED /* BodyIQRefApp.app */ = {isa = PBXFileReference; explicitFileType = wrapper.application; includeInIndex = 0; path = BodyIQRefApp.app; sourceTree = BUILT_PRODUCTS_DIR; };
		DAF3B10F1BEDAE9100913EED /* AppDelegate.swift */ = {isa = PBXFileReference; lastKnownFileType = sourcecode.swift; path = AppDelegate.swift; sourceTree = "<group>"; };
		DAF3B1111BEDAE9100913EED /* ViewController.swift */ = {isa = PBXFileReference; lastKnownFileType = sourcecode.swift; path = ViewController.swift; sourceTree = "<group>"; };
		DAF3B1141BEDAE9100913EED /* Base */ = {isa = PBXFileReference; lastKnownFileType = file.storyboard; name = Base; path = Base.lproj/Main.storyboard; sourceTree = "<group>"; };
		DAF3B1161BEDAE9100913EED /* Assets.xcassets */ = {isa = PBXFileReference; lastKnownFileType = folder.assetcatalog; path = Assets.xcassets; sourceTree = "<group>"; };
		DAF3B1191BEDAE9100913EED /* Base */ = {isa = PBXFileReference; lastKnownFileType = file.storyboard; name = Base; path = Base.lproj/LaunchScreen.storyboard; sourceTree = "<group>"; };
		DAF3B11B1BEDAE9100913EED /* Info.plist */ = {isa = PBXFileReference; lastKnownFileType = text.plist.xml; path = Info.plist; sourceTree = "<group>"; };
		DAF3B1201BEDAE9100913EED /* BodyIQRefAppTests.xctest */ = {isa = PBXFileReference; explicitFileType = wrapper.cfbundle; includeInIndex = 0; path = BodyIQRefAppTests.xctest; sourceTree = BUILT_PRODUCTS_DIR; };
		DAF3B1241BEDAE9100913EED /* ThunderAppTests.swift */ = {isa = PBXFileReference; lastKnownFileType = sourcecode.swift; path = ThunderAppTests.swift; sourceTree = "<group>"; };
		DAF3B1261BEDAE9100913EED /* Info.plist */ = {isa = PBXFileReference; lastKnownFileType = text.plist.xml; path = Info.plist; sourceTree = "<group>"; };
		DAF3B12B1BEDAE9100913EED /* BodyIQRefAppUITests.xctest */ = {isa = PBXFileReference; explicitFileType = wrapper.cfbundle; includeInIndex = 0; path = BodyIQRefAppUITests.xctest; sourceTree = BUILT_PRODUCTS_DIR; };
		DAF3B12F1BEDAE9100913EED /* ThunderAppUITests.swift */ = {isa = PBXFileReference; lastKnownFileType = sourcecode.swift; path = ThunderAppUITests.swift; sourceTree = "<group>"; };
		DAF3B1311BEDAE9100913EED /* Info.plist */ = {isa = PBXFileReference; lastKnownFileType = text.plist.xml; path = Info.plist; sourceTree = "<group>"; };
		DAF3B1EF1BEE5ED800913EED /* README.md */ = {isa = PBXFileReference; fileEncoding = 4; lastKnownFileType = net.daringfireball.markdown; path = README.md; sourceTree = SOURCE_ROOT; };
		DAF3EA171BF119D3007B8222 /* Logger.swift */ = {isa = PBXFileReference; fileEncoding = 4; lastKnownFileType = sourcecode.swift; path = Logger.swift; sourceTree = "<group>"; };
		DAF3EA191BF119DC007B8222 /* Constants.swift */ = {isa = PBXFileReference; fileEncoding = 4; lastKnownFileType = sourcecode.swift; path = Constants.swift; sourceTree = "<group>"; };
		DAF5A44C1C0A2C1700289C40 /* FileManager.swift */ = {isa = PBXFileReference; fileEncoding = 4; lastKnownFileType = sourcecode.swift; path = FileManager.swift; sourceTree = "<group>"; };
		DAF5A4551C0A405A00289C40 /* SplashViewController.swift */ = {isa = PBXFileReference; fileEncoding = 4; lastKnownFileType = sourcecode.swift; path = SplashViewController.swift; sourceTree = "<group>"; };
		DAF5A45B1C0A4DD600289C40 /* UIViewController+Utils.swift */ = {isa = PBXFileReference; fileEncoding = 4; lastKnownFileType = sourcecode.swift; path = "UIViewController+Utils.swift"; sourceTree = "<group>"; };
		DAF7CE8B1BF1826600D32BC1 /* Loading.swift */ = {isa = PBXFileReference; fileEncoding = 4; lastKnownFileType = sourcecode.swift; path = Loading.swift; sourceTree = "<group>"; };
		DAF7CE8D1BF2874000D32BC1 /* Errors.swift */ = {isa = PBXFileReference; fileEncoding = 4; lastKnownFileType = sourcecode.swift; path = Errors.swift; sourceTree = "<group>"; };
		DAF7CE921BF28B1800D32BC1 /* NSThread+blocks.swift */ = {isa = PBXFileReference; fileEncoding = 4; lastKnownFileType = sourcecode.swift; path = "NSThread+blocks.swift"; sourceTree = "<group>"; };
/* End PBXFileReference section */

/* Begin PBXFrameworksBuildPhase section */
		DAF3B1091BEDAE9100913EED /* Frameworks */ = {
			isa = PBXFrameworksBuildPhase;
			buildActionMask = 2147483647;
			files = (
				61FC0D821C20E14B004844E0 /* Realm.framework in Frameworks */,
				61FC0D7A1C20E14B004844E0 /* CDKDocStore.framework in Frameworks */,
				61FC0D741C20E14B004844E0 /* CDKBlobStore.framework in Frameworks */,
				61FC0D721C20E14B004844E0 /* BodyIQ.framework in Frameworks */,
				61FC0D7C1C20E14B004844E0 /* CDKProfileStore.framework in Frameworks */,
				61FC0D761C20E14B004844E0 /* CDKCore.framework in Frameworks */,
				61FC0D841C20E14B004844E0 /* RealmSwift.framework in Frameworks */,
				61FC0D781C20E14B004844E0 /* CDKDeviceProfileStore.framework in Frameworks */,
				61FC0D7E1C20E14B004844E0 /* CDKTimeSeries.framework in Frameworks */,
				61FC0D801C20E14B004844E0 /* IQCore.framework in Frameworks */,
			);
			runOnlyForDeploymentPostprocessing = 0;
		};
		DAF3B11D1BEDAE9100913EED /* Frameworks */ = {
			isa = PBXFrameworksBuildPhase;
			buildActionMask = 2147483647;
			files = (
			);
			runOnlyForDeploymentPostprocessing = 0;
		};
		DAF3B1281BEDAE9100913EED /* Frameworks */ = {
			isa = PBXFrameworksBuildPhase;
			buildActionMask = 2147483647;
			files = (
			);
			runOnlyForDeploymentPostprocessing = 0;
		};
/* End PBXFrameworksBuildPhase section */

/* Begin PBXGroup section */
		6118DCD11C170B5600B5B2BC /* TabBarItem */ = {
			isa = PBXGroup;
			children = (
				6118DCDC1C170E1900B5B2BC /* CustomTabBarItem.h */,
				6118DCDD1C170E1900B5B2BC /* CustomTabBarItem.m */,
				6118DCDB1C170E1900B5B2BC /* ThunderApp-Bridging-Header.h */,
			);
			path = TabBarItem;
			sourceTree = "<group>";
		};
		61685C9B1C18B00B005EFC9C /* Table */ = {
			isa = PBXGroup;
			children = (
				61685CA31C18B025005EFC9C /* ThunderCellBackground.swift */,
			);
			path = Table;
			sourceTree = "<group>";
		};
		61685CA71C18D0FD005EFC9C /* CircularProgress */ = {
			isa = PBXGroup;
			children = (
				61685CA81C18D0FD005EFC9C /* ThunderCircularProgress.swift */,
				61685CAC1C18D1B3005EFC9C /* ThunderCircularProgressUtils.swift */,
				61685CAA1C18D13F005EFC9C /* ThunderCircularProgressViewLayer.swift */,
			);
			path = CircularProgress;
			sourceTree = "<group>";
		};
		617776361C1D9148009135BE /* Global */ = {
			isa = PBXGroup;
			children = (
				617776411C1D94F8009135BE /* GlobalStorage.swift */,
			);
			path = Global;
			sourceTree = "<group>";
		};
		618E0D4F1C0220B6000D2A46 /* Mock */ = {
			isa = PBXGroup;
			children = (
				618E0D501C0221CB000D2A46 /* MockNotifications.swift */,
			);
			path = Mock;
			sourceTree = "<group>";
		};
		61F20A881BF9042D00872CC0 /* Protocols */ = {
			isa = PBXGroup;
			children = (
			);
			path = Protocols;
			sourceTree = "<group>";
		};
		61FC0D961C20E1C4004844E0 /* Progress */ = {
			isa = PBXGroup;
			children = (
				61FC0D971C20E1C4004844E0 /* LICENSE */,
				61FC0D981C20E1C4004844E0 /* MBProgressHUD.h */,
				61FC0D991C20E1C4004844E0 /* MBProgressHUD.m */,
			);
			path = Progress;
			sourceTree = "<group>";
		};
		DA09913C1C0EA0A900B56934 /* Dropdown */ = {
			isa = PBXGroup;
			children = (
				DA09913D1C0EA0A900B56934 /* ThunderDropdownMenu.swift */,
				DAB686071C0FAE3600D6486E /* ThunderDropdownListTableView.swift */,
				DAB686081C0FAE3600D6486E /* ThunderDropdownListTableViewCell.swift */,
				DAB6860B1C0FAEA800D6486E /* ThunderDropdownListWrapperView.swift */,
				DAB6860D1C0FAED800D6486E /* ThunderDropdownMenuConfiguration.swift */,
			);
			path = Dropdown;
			sourceTree = "<group>";
		};
		DA4636CC1C1279C900778F19 /* Sidebar */ = {
			isa = PBXGroup;
			children = (
				DA4636CD1C1279C900778F19 /* ContainerVC.swift */,
				DA4636CE1C1279C900778F19 /* ActivityViewController.swift */,
				DA4636CF1C1279C900778F19 /* LeftMenuViewController.swift */,
				DA4636D01C1279C900778F19 /* ModalWindow.swift */,
				DA4636D11C1279C900778F19 /* SessionsViewController.swift */,
				DA4636D21C1279C900778F19 /* TabVCTemplate.swift */,
				6118DCDF1C1738C700B5B2BC /* SideBarNavigationController.swift */,
			);
			path = Sidebar;
			sourceTree = "<group>";
		};
		DA8A5F691C10F22200EFA485 /* Picker */ = {
			isa = PBXGroup;
			children = (
				DA8A5F6A1C10F23600EFA485 /* ThunderPicker.swift */,
			);
			path = Picker;
			sourceTree = "<group>";
		};
		DAE5C2361C0CD5E6008884EF /* UI */ = {
			isa = PBXGroup;
			children = (
				61FC0D961C20E1C4004844E0 /* Progress */,
				61685CA71C18D0FD005EFC9C /* CircularProgress */,
				61685C9B1C18B00B005EFC9C /* Table */,
				6118DCD11C170B5600B5B2BC /* TabBarItem */,
				DA8A5F691C10F22200EFA485 /* Picker */,
				DA09913C1C0EA0A900B56934 /* Dropdown */,
				DAE5C2421C0E2170008884EF /* TextFields */,
				DAE5C23E1C0D0BDA008884EF /* NavBarItem */,
				DAE5C2371C0CD5E6008884EF /* Buttons */,
			);
			path = UI;
			sourceTree = "<group>";
		};
		DAE5C2371C0CD5E6008884EF /* Buttons */ = {
			isa = PBXGroup;
			children = (
				DAE5C2381C0CD611008884EF /* ThunderBtnType1.swift */,
				DAE5C23A1C0CDE7E008884EF /* ThunderBtnType2.swift */,
				61685CA51C18BC71005EFC9C /* ThunderBtnType3.swift */,
			);
			path = Buttons;
			sourceTree = "<group>";
		};
		DAE5C23E1C0D0BDA008884EF /* NavBarItem */ = {
			isa = PBXGroup;
			children = (
				DAE5C23F1C0D0C07008884EF /* ThunderNavBarItem.swift */,
			);
			path = NavBarItem;
			sourceTree = "<group>";
		};
		DAE5C2421C0E2170008884EF /* TextFields */ = {
			isa = PBXGroup;
			children = (
				DAE5C2431C0E2170008884EF /* ThunderTextField.swift */,
				DA8A5F6E1C110D3D00EFA485 /* ThunderTextFieldNumber.swift */,
				61B2645A1C21859300815E96 /* ThunderTextFieldWithListeners.swift */,
			);
			path = TextFields;
			sourceTree = "<group>";
		};
		DAF0B74D1BF2EA9D004A49D2 /* Managers */ = {
			isa = PBXGroup;
			children = (
				61A383041BFFA3CB00E8C4ED /* NotificationManager.swift */,
				61F20A951BF911F200872CC0 /* ScannerManager.swift */,
				DABD5BAF1BF3D13400181EDE /* PeriferalManager.swift */,
				6135CC161BF8F2AB000455BF /* ControllerManager.swift */,
				615786981C0262540079E273 /* BodyManager.swift */,
				61C16CEC1C04D62F009323F8 /* UserManager.swift */,
				618B80741C06063000977A7A /* TimeSeriesManager.swift */,
				DAF5A44C1C0A2C1700289C40 /* FileManager.swift */,
				DA8A5F5A1C0FBE0D00EFA485 /* LocalDataStoreManager.swift */,
				61F71E8F1C204C1C00828683 /* FirmwareManager.swift */,
				610E4FD51C20BF60008F7619 /* UserEventsManager.swift */,
				6108C5161C20CDA200FBBB71 /* SystemEventsManager.swift */,
			);
			path = Managers;
			sourceTree = "<group>";
		};
		DAF3B1031BEDAE9100913EED = {
			isa = PBXGroup;
			children = (
				DAF3B15F1BEDB36300913EED /* Frameworks */,
				DAF3B10E1BEDAE9100913EED /* ThunderApp */,
				DAF3B1231BEDAE9100913EED /* ThunderAppTests */,
				DAF3B12E1BEDAE9100913EED /* ThunderAppUITests */,
				DAF3B10D1BEDAE9100913EED /* Products */,
			);
			sourceTree = "<group>";
		};
		DAF3B10D1BEDAE9100913EED /* Products */ = {
			isa = PBXGroup;
			children = (
				DAF3B10C1BEDAE9100913EED /* BodyIQRefApp.app */,
				DAF3B1201BEDAE9100913EED /* BodyIQRefAppTests.xctest */,
				DAF3B12B1BEDAE9100913EED /* BodyIQRefAppUITests.xctest */,
			);
			name = Products;
			sourceTree = "<group>";
		};
		DAF3B10E1BEDAE9100913EED /* ThunderApp */ = {
			isa = PBXGroup;
			children = (
				DAE5C2361C0CD5E6008884EF /* UI */,
				618E0D4F1C0220B6000D2A46 /* Mock */,
				61F20A881BF9042D00872CC0 /* Protocols */,
				DAF0B74D1BF2EA9D004A49D2 /* Managers */,
				DAF7CE721BF15A1000D32BC1 /* Controllers */,
				617776361C1D9148009135BE /* Global */,
				DAF3EA131BF1175B007B8222 /* Utils */,
				DAF3B10F1BEDAE9100913EED /* AppDelegate.swift */,
				DAF3B1111BEDAE9100913EED /* ViewController.swift */,
				DAF3B1131BEDAE9100913EED /* Main.storyboard */,
				DAF3B1161BEDAE9100913EED /* Assets.xcassets */,
				DAF3B1181BEDAE9100913EED /* LaunchScreen.storyboard */,
				DAF3B1EF1BEE5ED800913EED /* README.md */,
				DAF3B11B1BEDAE9100913EED /* Info.plist */,
				61EE7A181BF8B55E005F83FB /* Localizable.strings */,
			);
			path = ThunderApp;
			sourceTree = "<group>";
		};
		DAF3B1231BEDAE9100913EED /* ThunderAppTests */ = {
			isa = PBXGroup;
			children = (
				DAF3B1241BEDAE9100913EED /* ThunderAppTests.swift */,
				DAF3B1261BEDAE9100913EED /* Info.plist */,
			);
			path = ThunderAppTests;
			sourceTree = "<group>";
		};
		DAF3B12E1BEDAE9100913EED /* ThunderAppUITests */ = {
			isa = PBXGroup;
			children = (
				DAF3B12F1BEDAE9100913EED /* ThunderAppUITests.swift */,
				DAF3B1311BEDAE9100913EED /* Info.plist */,
			);
			path = ThunderAppUITests;
			sourceTree = "<group>";
		};
		DAF3B15F1BEDB36300913EED /* Frameworks */ = {
			isa = PBXGroup;
			children = (
				61FC0D861C20E17C004844E0 /* BodyIQ.framework.dSYM */,
				61FC0D871C20E17C004844E0 /* CDKBlobStore.framework.dSYM */,
				61FC0D881C20E17C004844E0 /* CDKCore.framework.dSYM */,
				61FC0D891C20E17C004844E0 /* CDKDeviceProfileStore.framework.dSYM */,
				61FC0D8A1C20E17C004844E0 /* CDKDocStore.framework.dSYM */,
				61FC0D8B1C20E17C004844E0 /* CDKProfileStore.framework.dSYM */,
				61FC0D8C1C20E17C004844E0 /* CDKTimeSeries.framework.dSYM */,
				61FC0D8D1C20E17C004844E0 /* IQCore.framework.dSYM */,
				61FC0D681C20E14B004844E0 /* BodyIQ.framework */,
				61FC0D691C20E14B004844E0 /* CDKBlobStore.framework */,
				61FC0D6A1C20E14B004844E0 /* CDKCore.framework */,
				61FC0D6B1C20E14B004844E0 /* CDKDeviceProfileStore.framework */,
				61FC0D6C1C20E14B004844E0 /* CDKDocStore.framework */,
				61FC0D6D1C20E14B004844E0 /* CDKProfileStore.framework */,
				61FC0D6E1C20E14B004844E0 /* CDKTimeSeries.framework */,
				61FC0D6F1C20E14B004844E0 /* IQCore.framework */,
				61FC0D701C20E14B004844E0 /* Realm.framework */,
				61FC0D711C20E14B004844E0 /* RealmSwift.framework */,
			);
			name = Frameworks;
			sourceTree = "<group>";
		};
		DAF3EA131BF1175B007B8222 /* Utils */ = {
			isa = PBXGroup;
			children = (
				DAF7CE911BF28ADB00D32BC1 /* Extensions */,
				DAF7CE8B1BF1826600D32BC1 /* Loading.swift */,
				DAF3EA171BF119D3007B8222 /* Logger.swift */,
				DAF3EA191BF119DC007B8222 /* Constants.swift */,
				DAF7CE8D1BF2874000D32BC1 /* Errors.swift */,
				DAC6D9831C1BA32B006C67CC /* EncryptionKeyStorage.swift */,
				DAE5C2221C0BB50D008884EF /* ProgressView.swift */,
			);
			path = Utils;
			sourceTree = "<group>";
		};
		DAF7CE721BF15A1000D32BC1 /* Controllers */ = {
			isa = PBXGroup;
			children = (
				DA4636CC1C1279C900778F19 /* Sidebar */,
				DAF5A4551C0A405A00289C40 /* SplashViewController.swift */,
				DAE5C2341C0BEE1B008884EF /* LoginViewController.swift */,
				DAE5C23C1C0CE9E6008884EF /* CreateAccountViewController.swift */,
				DA8A5F601C0FD7FF00EFA485 /* CredentialsViewController.swift */,
				DA8A5F6C1C10FF8A00EFA485 /* WeightViewController.swift */,
				DA8A5F781C111E9500EFA485 /* HeightViewController.swift */,
				DA8A5F7C1C1127AD00EFA485 /* SyncDeviceViewController.swift */,
				DAC99F3A1C1159EA00528228 /* ScannerViewController.swift */,
				61C675D81C1A1C3E0078D693 /* DeviceViewController.swift */,
				61C675E31C1A23250078D693 /* DeviceDetailsViewController.swift */,
				61F71E831C2049D700828683 /* FirmwareUpdateViewController.swift */,
			);
			path = Controllers;
			sourceTree = "<group>";
		};
		DAF7CE911BF28ADB00D32BC1 /* Extensions */ = {
			isa = PBXGroup;
			children = (
				61F71E911C20536600828683 /* NSError+Utils.swift */,
				61F71E8D1C204BB800828683 /* Array+Utils.swift */,
				DAF7CE921BF28B1800D32BC1 /* NSThread+blocks.swift */,
				61CE7A691C00EB3A00101E08 /* UIColor+Hex.swift */,
				DA24A0DF1C0A09500057DA13 /* NSDate+Utils.swift */,
				DAF5A45B1C0A4DD600289C40 /* UIViewController+Utils.swift */,
				DA0991331C0E9A3900B56934 /* UIView+Utils.swift */,
				DAB6860F1C0FB1DF00D6486E /* String+Utils.swift */,
				615F11FB1C21E80600BB3C66 /* UIApplication+Utils.swift */,
			);
			path = Extensions;
			sourceTree = "<group>";
		};
/* End PBXGroup section */

/* Begin PBXNativeTarget section */
		DAF3B10B1BEDAE9100913EED /* BodyIQRefApp */ = {
			isa = PBXNativeTarget;
			buildConfigurationList = DAF3B1341BEDAE9100913EED /* Build configuration list for PBXNativeTarget "BodyIQRefApp" */;
			buildPhases = (
				DAF3B1081BEDAE9100913EED /* Sources */,
				DAF3B1091BEDAE9100913EED /* Frameworks */,
				DAF3B10A1BEDAE9100913EED /* Resources */,
				DAF3B1EA1BEDC05E00913EED /* Auto Inc Build */,
				DA7B8EA01BEE64B100C742B1 /* CopyFiles */,
				DA41E1171BEEFE9D00301C95 /* Embed Frameworks */,
			);
			buildRules = (
			);
			dependencies = (
			);
			name = BodyIQRefApp;
			productName = ThunderApp;
			productReference = DAF3B10C1BEDAE9100913EED /* BodyIQRefApp.app */;
			productType = "com.apple.product-type.application";
		};
		DAF3B11F1BEDAE9100913EED /* BodyIQRefAppTests */ = {
			isa = PBXNativeTarget;
			buildConfigurationList = DAF3B1371BEDAE9100913EED /* Build configuration list for PBXNativeTarget "BodyIQRefAppTests" */;
			buildPhases = (
				DAF3B11C1BEDAE9100913EED /* Sources */,
				DAF3B11D1BEDAE9100913EED /* Frameworks */,
				DAF3B11E1BEDAE9100913EED /* Resources */,
			);
			buildRules = (
			);
			dependencies = (
				DAF3B1221BEDAE9100913EED /* PBXTargetDependency */,
			);
			name = BodyIQRefAppTests;
			productName = ThunderAppTests;
			productReference = DAF3B1201BEDAE9100913EED /* BodyIQRefAppTests.xctest */;
			productType = "com.apple.product-type.bundle.unit-test";
		};
		DAF3B12A1BEDAE9100913EED /* BodyIQRefAppUITests */ = {
			isa = PBXNativeTarget;
			buildConfigurationList = DAF3B13A1BEDAE9100913EED /* Build configuration list for PBXNativeTarget "BodyIQRefAppUITests" */;
			buildPhases = (
				DAF3B1271BEDAE9100913EED /* Sources */,
				DAF3B1281BEDAE9100913EED /* Frameworks */,
				DAF3B1291BEDAE9100913EED /* Resources */,
			);
			buildRules = (
			);
			dependencies = (
				DAF3B12D1BEDAE9100913EED /* PBXTargetDependency */,
			);
			name = BodyIQRefAppUITests;
			productName = ThunderAppUITests;
			productReference = DAF3B12B1BEDAE9100913EED /* BodyIQRefAppUITests.xctest */;
			productType = "com.apple.product-type.bundle.ui-testing";
		};
/* End PBXNativeTarget section */

/* Begin PBXProject section */
		DAF3B1041BEDAE9100913EED /* Project object */ = {
			isa = PBXProject;
			attributes = {
				LastSwiftUpdateCheck = 0710;
				LastUpgradeCheck = 0710;
				ORGANIZATIONNAME = "PabloX Garcia-morato";
				TargetAttributes = {
					DAF3B10B1BEDAE9100913EED = {
						CreatedOnToolsVersion = 7.1;
						DevelopmentTeam = A44M22ZM9M;
						SystemCapabilities = {
							com.apple.BackgroundModes = {
								enabled = 1;
							};
						};
					};
					DAF3B11F1BEDAE9100913EED = {
						CreatedOnToolsVersion = 7.1;
						TestTargetID = DAF3B10B1BEDAE9100913EED;
					};
					DAF3B12A1BEDAE9100913EED = {
						CreatedOnToolsVersion = 7.1;
						TestTargetID = DAF3B10B1BEDAE9100913EED;
					};
				};
			};
			buildConfigurationList = DAF3B1071BEDAE9100913EED /* Build configuration list for PBXProject "BodyIQRefApp" */;
			compatibilityVersion = "Xcode 3.2";
			developmentRegion = English;
			hasScannedForEncodings = 0;
			knownRegions = (
				en,
				Base,
			);
			mainGroup = DAF3B1031BEDAE9100913EED;
			productRefGroup = DAF3B10D1BEDAE9100913EED /* Products */;
			projectDirPath = "";
			projectRoot = "";
			targets = (
				DAF3B10B1BEDAE9100913EED /* BodyIQRefApp */,
				DAF3B11F1BEDAE9100913EED /* BodyIQRefAppTests */,
				DAF3B12A1BEDAE9100913EED /* BodyIQRefAppUITests */,
			);
		};
/* End PBXProject section */

/* Begin PBXResourcesBuildPhase section */
		DAF3B10A1BEDAE9100913EED /* Resources */ = {
			isa = PBXResourcesBuildPhase;
			buildActionMask = 2147483647;
			files = (
				DAF3B11A1BEDAE9100913EED /* LaunchScreen.storyboard in Resources */,
				61EE7A191BF8B55E005F83FB /* Localizable.strings in Resources */,
				DAF3B1171BEDAE9100913EED /* Assets.xcassets in Resources */,
				DAF3B1151BEDAE9100913EED /* Main.storyboard in Resources */,
				61FC0D9A1C20E1C4004844E0 /* LICENSE in Resources */,
			);
			runOnlyForDeploymentPostprocessing = 0;
		};
		DAF3B11E1BEDAE9100913EED /* Resources */ = {
			isa = PBXResourcesBuildPhase;
			buildActionMask = 2147483647;
			files = (
			);
			runOnlyForDeploymentPostprocessing = 0;
		};
		DAF3B1291BEDAE9100913EED /* Resources */ = {
			isa = PBXResourcesBuildPhase;
			buildActionMask = 2147483647;
			files = (
			);
			runOnlyForDeploymentPostprocessing = 0;
		};
/* End PBXResourcesBuildPhase section */

/* Begin PBXShellScriptBuildPhase section */
		DAF3B1EA1BEDC05E00913EED /* Auto Inc Build */ = {
			isa = PBXShellScriptBuildPhase;
			buildActionMask = 2147483647;
			files = (
			);
			inputPaths = (
			);
			name = "Auto Inc Build";
			outputPaths = (
			);
			runOnlyForDeploymentPostprocessing = 0;
			shellPath = /bin/sh;
			shellScript = "#!/bin/bash\nbuildNumber=$(/usr/libexec/PlistBuddy -c \"Print CFBundleVersion\" \"$INFOPLIST_FILE\")\nbuildNumber=$(($buildNumber + 1))\n/usr/libexec/PlistBuddy -c \"Set :CFBundleVersion $buildNumber\" \"$INFOPLIST_FILE\"";
		};
/* End PBXShellScriptBuildPhase section */

/* Begin PBXSourcesBuildPhase section */
		DAF3B1081BEDAE9100913EED /* Sources */ = {
			isa = PBXSourcesBuildPhase;
			buildActionMask = 2147483647;
			files = (
				DAB686101C0FB1DF00D6486E /* String+Utils.swift in Sources */,
				610E4FD61C20BF60008F7619 /* UserEventsManager.swift in Sources */,
				617776421C1D94F8009135BE /* GlobalStorage.swift in Sources */,
				DAE5C2441C0E2170008884EF /* ThunderTextField.swift in Sources */,
				6108C5171C20CDA200FBBB71 /* SystemEventsManager.swift in Sources */,
				DA4636D31C1279C900778F19 /* ContainerVC.swift in Sources */,
				61685CA91C18D0FD005EFC9C /* ThunderCircularProgress.swift in Sources */,
				61685CA61C18BC71005EFC9C /* ThunderBtnType3.swift in Sources */,
				DAE5C2351C0BEE1B008884EF /* LoginViewController.swift in Sources */,
				615786991C0262540079E273 /* BodyManager.swift in Sources */,
				DA8A5F5B1C0FBE0D00EFA485 /* LocalDataStoreManager.swift in Sources */,
				6118DCE01C1738C700B5B2BC /* SideBarNavigationController.swift in Sources */,
				6135CC171BF8F2AB000455BF /* ControllerManager.swift in Sources */,
				61685CA41C18B025005EFC9C /* ThunderCellBackground.swift in Sources */,
				DAF3B1121BEDAE9100913EED /* ViewController.swift in Sources */,
				DAF3EA181BF119D3007B8222 /* Logger.swift in Sources */,
				DAE5C23B1C0CDE7E008884EF /* ThunderBtnType2.swift in Sources */,
				DAE5C2401C0D0C07008884EF /* ThunderNavBarItem.swift in Sources */,
				615F11FC1C21E80600BB3C66 /* UIApplication+Utils.swift in Sources */,
				DA4636D81C1279C900778F19 /* TabVCTemplate.swift in Sources */,
				DAE5C2231C0BB50D008884EF /* ProgressView.swift in Sources */,
				DA8A5F6D1C10FF8A00EFA485 /* WeightViewController.swift in Sources */,
				DAC99F3B1C1159EA00528228 /* ScannerViewController.swift in Sources */,
				DAC6D9841C1BA32B006C67CC /* EncryptionKeyStorage.swift in Sources */,
				61F71E841C2049D700828683 /* FirmwareUpdateViewController.swift in Sources */,
				61F71E901C204C1C00828683 /* FirmwareManager.swift in Sources */,
				DAB6860A1C0FAE3600D6486E /* ThunderDropdownListTableViewCell.swift in Sources */,
				61CE7A6A1C00EB3A00101E08 /* UIColor+Hex.swift in Sources */,
				DA8A5F6B1C10F23600EFA485 /* ThunderPicker.swift in Sources */,
				DA8A5F611C0FD7FF00EFA485 /* CredentialsViewController.swift in Sources */,
				DAE5C23D1C0CE9E6008884EF /* CreateAccountViewController.swift in Sources */,
				61F71E8E1C204BB800828683 /* Array+Utils.swift in Sources */,
				DA8A5F6F1C110D3D00EFA485 /* ThunderTextFieldNumber.swift in Sources */,
				DAF7CE931BF28B1800D32BC1 /* NSThread+blocks.swift in Sources */,
				DAF5A4561C0A405A00289C40 /* SplashViewController.swift in Sources */,
				DA24A0E01C0A09500057DA13 /* NSDate+Utils.swift in Sources */,
				DAB6860C1C0FAEA800D6486E /* ThunderDropdownListWrapperView.swift in Sources */,
				61B2645B1C21859300815E96 /* ThunderTextFieldWithListeners.swift in Sources */,
				DA09913E1C0EA0A900B56934 /* ThunderDropdownMenu.swift in Sources */,
				61FC0D9B1C20E1C4004844E0 /* MBProgressHUD.m in Sources */,
				61C675D91C1A1C3E0078D693 /* DeviceViewController.swift in Sources */,
				DAE5C2391C0CD611008884EF /* ThunderBtnType1.swift in Sources */,
				DAB686091C0FAE3600D6486E /* ThunderDropdownListTableView.swift in Sources */,
				61685CAD1C18D1B3005EFC9C /* ThunderCircularProgressUtils.swift in Sources */,
				DA4636D71C1279C900778F19 /* SessionsViewController.swift in Sources */,
				DA4636D61C1279C900778F19 /* ModalWindow.swift in Sources */,
				DAF3B1101BEDAE9100913EED /* AppDelegate.swift in Sources */,
				DAB6860E1C0FAED800D6486E /* ThunderDropdownMenuConfiguration.swift in Sources */,
				61C675E41C1A23250078D693 /* DeviceDetailsViewController.swift in Sources */,
				DAF7CE8E1BF2874000D32BC1 /* Errors.swift in Sources */,
				DAF7CE8C1BF1826600D32BC1 /* Loading.swift in Sources */,
				DAF5A45C1C0A4DD600289C40 /* UIViewController+Utils.swift in Sources */,
				61F71E921C20536600828683 /* NSError+Utils.swift in Sources */,
				61A383051BFFA3CB00E8C4ED /* NotificationManager.swift in Sources */,
				618E0D511C0221CB000D2A46 /* MockNotifications.swift in Sources */,
				DA4636D41C1279C900778F19 /* ActivityViewController.swift in Sources */,
				DAF5A44D1C0A2C1700289C40 /* FileManager.swift in Sources */,
				DAF3EA1A1BF119DC007B8222 /* Constants.swift in Sources */,
				6118DCDE1C170E1900B5B2BC /* CustomTabBarItem.m in Sources */,
				618B80751C06063000977A7A /* TimeSeriesManager.swift in Sources */,
				61F20A961BF911F200872CC0 /* ScannerManager.swift in Sources */,
				DA4636D51C1279C900778F19 /* LeftMenuViewController.swift in Sources */,
				DABD5BB01BF3D13400181EDE /* PeriferalManager.swift in Sources */,
				DA8A5F7D1C1127AD00EFA485 /* SyncDeviceViewController.swift in Sources */,
				DA0991341C0E9A3900B56934 /* UIView+Utils.swift in Sources */,
				DA8A5F791C111E9500EFA485 /* HeightViewController.swift in Sources */,
				61C16CED1C04D62F009323F8 /* UserManager.swift in Sources */,
				61685CAB1C18D13F005EFC9C /* ThunderCircularProgressViewLayer.swift in Sources */,
			);
			runOnlyForDeploymentPostprocessing = 0;
		};
		DAF3B11C1BEDAE9100913EED /* Sources */ = {
			isa = PBXSourcesBuildPhase;
			buildActionMask = 2147483647;
			files = (
				DAF3B1251BEDAE9100913EED /* ThunderAppTests.swift in Sources */,
			);
			runOnlyForDeploymentPostprocessing = 0;
		};
		DAF3B1271BEDAE9100913EED /* Sources */ = {
			isa = PBXSourcesBuildPhase;
			buildActionMask = 2147483647;
			files = (
				DAF3B1301BEDAE9100913EED /* ThunderAppUITests.swift in Sources */,
			);
			runOnlyForDeploymentPostprocessing = 0;
		};
/* End PBXSourcesBuildPhase section */

/* Begin PBXTargetDependency section */
		DAF3B1221BEDAE9100913EED /* PBXTargetDependency */ = {
			isa = PBXTargetDependency;
			target = DAF3B10B1BEDAE9100913EED /* BodyIQRefApp */;
			targetProxy = DAF3B1211BEDAE9100913EED /* PBXContainerItemProxy */;
		};
		DAF3B12D1BEDAE9100913EED /* PBXTargetDependency */ = {
			isa = PBXTargetDependency;
			target = DAF3B10B1BEDAE9100913EED /* BodyIQRefApp */;
			targetProxy = DAF3B12C1BEDAE9100913EED /* PBXContainerItemProxy */;
		};
/* End PBXTargetDependency section */

/* Begin PBXVariantGroup section */
		DAF3B1131BEDAE9100913EED /* Main.storyboard */ = {
			isa = PBXVariantGroup;
			children = (
				DAF3B1141BEDAE9100913EED /* Base */,
			);
			name = Main.storyboard;
			sourceTree = "<group>";
		};
		DAF3B1181BEDAE9100913EED /* LaunchScreen.storyboard */ = {
			isa = PBXVariantGroup;
			children = (
				DAF3B1191BEDAE9100913EED /* Base */,
			);
			name = LaunchScreen.storyboard;
			sourceTree = "<group>";
		};
/* End PBXVariantGroup section */

/* Begin XCBuildConfiguration section */
		DAF3B1321BEDAE9100913EED /* Debug */ = {
			isa = XCBuildConfiguration;
			buildSettings = {
				ALWAYS_SEARCH_USER_PATHS = NO;
				CLANG_CXX_LANGUAGE_STANDARD = "gnu++0x";
				CLANG_CXX_LIBRARY = "libc++";
				CLANG_ENABLE_MODULES = YES;
				CLANG_ENABLE_OBJC_ARC = YES;
				CLANG_WARN_BOOL_CONVERSION = YES;
				CLANG_WARN_CONSTANT_CONVERSION = YES;
				CLANG_WARN_DIRECT_OBJC_ISA_USAGE = YES_ERROR;
				CLANG_WARN_EMPTY_BODY = YES;
				CLANG_WARN_ENUM_CONVERSION = YES;
				CLANG_WARN_INT_CONVERSION = YES;
				CLANG_WARN_OBJC_ROOT_CLASS = YES_ERROR;
				CLANG_WARN_UNREACHABLE_CODE = YES;
				CLANG_WARN__DUPLICATE_METHOD_MATCH = YES;
				"CODE_SIGN_IDENTITY[sdk=iphoneos*]" = "iPhone Developer";
				COPY_PHASE_STRIP = NO;
				DEBUG_INFORMATION_FORMAT = dwarf;
				ENABLE_STRICT_OBJC_MSGSEND = YES;
				ENABLE_TESTABILITY = YES;
				GCC_C_LANGUAGE_STANDARD = gnu99;
				GCC_DYNAMIC_NO_PIC = NO;
				GCC_NO_COMMON_BLOCKS = YES;
				GCC_OPTIMIZATION_LEVEL = 0;
				GCC_PREPROCESSOR_DEFINITIONS = (
					"DEBUG=1",
					"$(inherited)",
				);
				GCC_WARN_64_TO_32_BIT_CONVERSION = YES;
				GCC_WARN_ABOUT_RETURN_TYPE = YES_ERROR;
				GCC_WARN_UNDECLARED_SELECTOR = YES;
				GCC_WARN_UNINITIALIZED_AUTOS = YES_AGGRESSIVE;
				GCC_WARN_UNUSED_FUNCTION = YES;
				GCC_WARN_UNUSED_VARIABLE = YES;
				IPHONEOS_DEPLOYMENT_TARGET = 9.1;
				MTL_ENABLE_DEBUG_INFO = YES;
				ONLY_ACTIVE_ARCH = YES;
				SDKROOT = iphoneos;
				SWIFT_OPTIMIZATION_LEVEL = "-Onone";
				TARGETED_DEVICE_FAMILY = "1,2";
			};
			name = Debug;
		};
		DAF3B1331BEDAE9100913EED /* Release */ = {
			isa = XCBuildConfiguration;
			buildSettings = {
				ALWAYS_SEARCH_USER_PATHS = NO;
				CLANG_CXX_LANGUAGE_STANDARD = "gnu++0x";
				CLANG_CXX_LIBRARY = "libc++";
				CLANG_ENABLE_MODULES = YES;
				CLANG_ENABLE_OBJC_ARC = YES;
				CLANG_WARN_BOOL_CONVERSION = YES;
				CLANG_WARN_CONSTANT_CONVERSION = YES;
				CLANG_WARN_DIRECT_OBJC_ISA_USAGE = YES_ERROR;
				CLANG_WARN_EMPTY_BODY = YES;
				CLANG_WARN_ENUM_CONVERSION = YES;
				CLANG_WARN_INT_CONVERSION = YES;
				CLANG_WARN_OBJC_ROOT_CLASS = YES_ERROR;
				CLANG_WARN_UNREACHABLE_CODE = YES;
				CLANG_WARN__DUPLICATE_METHOD_MATCH = YES;
				"CODE_SIGN_IDENTITY[sdk=iphoneos*]" = "iPhone Developer";
				COPY_PHASE_STRIP = NO;
				DEBUG_INFORMATION_FORMAT = "dwarf-with-dsym";
				ENABLE_NS_ASSERTIONS = NO;
				ENABLE_STRICT_OBJC_MSGSEND = YES;
				GCC_C_LANGUAGE_STANDARD = gnu99;
				GCC_NO_COMMON_BLOCKS = YES;
				GCC_WARN_64_TO_32_BIT_CONVERSION = YES;
				GCC_WARN_ABOUT_RETURN_TYPE = YES_ERROR;
				GCC_WARN_UNDECLARED_SELECTOR = YES;
				GCC_WARN_UNINITIALIZED_AUTOS = YES_AGGRESSIVE;
				GCC_WARN_UNUSED_FUNCTION = YES;
				GCC_WARN_UNUSED_VARIABLE = YES;
				IPHONEOS_DEPLOYMENT_TARGET = 9.1;
				MTL_ENABLE_DEBUG_INFO = NO;
				SDKROOT = iphoneos;
				TARGETED_DEVICE_FAMILY = "1,2";
				VALIDATE_PRODUCT = YES;
			};
			name = Release;
		};
		DAF3B1351BEDAE9100913EED /* Debug */ = {
			isa = XCBuildConfiguration;
			buildSettings = {
				ASSETCATALOG_COMPILER_APPICON_NAME = AppIcon;
				CLANG_ENABLE_MODULES = YES;
				CODE_SIGN_IDENTITY = "iPhone Developer";
				"CODE_SIGN_IDENTITY[sdk=iphoneos*]" = "iPhone Developer";
				EMBEDDED_CONTENT_CONTAINS_SWIFT = YES;
				ENABLE_BITCODE = NO;
				FRAMEWORK_SEARCH_PATHS = "$(PROJECT_DIR)/Build/iOS";
				INFOPLIST_FILE = ThunderApp/Info.plist;
				IPHONEOS_DEPLOYMENT_TARGET = 9.1;
				LD_DYLIB_INSTALL_NAME = "";
				LD_RUNPATH_SEARCH_PATHS = "$(inherited) @executable_path/Frameworks";
				ONLY_ACTIVE_ARCH = NO;
				OTHER_SWIFT_FLAGS = "-D DEBUG";
				PRODUCT_BUNDLE_IDENTIFIER = com.intel.wearable.ThunderApp;
				PRODUCT_NAME = "$(TARGET_NAME)";
				PROVISIONING_PROFILE = "";
				SWIFT_OBJC_BRIDGING_HEADER = "ThunderApp/UI/TabBarItem/ThunderApp-Bridging-Header.h";
				SWIFT_OPTIMIZATION_LEVEL = "-Onone";
			};
			name = Debug;
		};
		DAF3B1361BEDAE9100913EED /* Release */ = {
			isa = XCBuildConfiguration;
			buildSettings = {
				ASSETCATALOG_COMPILER_APPICON_NAME = AppIcon;
				CLANG_ENABLE_MODULES = YES;
				CODE_SIGN_IDENTITY = "iPhone Developer";
				"CODE_SIGN_IDENTITY[sdk=iphoneos*]" = "iPhone Developer";
				EMBEDDED_CONTENT_CONTAINS_SWIFT = YES;
				ENABLE_BITCODE = NO;
				FRAMEWORK_SEARCH_PATHS = "$(PROJECT_DIR)/Build/iOS";
				INFOPLIST_FILE = ThunderApp/Info.plist;
				IPHONEOS_DEPLOYMENT_TARGET = 9.1;
				LD_DYLIB_INSTALL_NAME = "";
				LD_RUNPATH_SEARCH_PATHS = "$(inherited) @executable_path/Frameworks";
				ONLY_ACTIVE_ARCH = NO;
				OTHER_SWIFT_FLAGS = "";
				PRODUCT_BUNDLE_IDENTIFIER = com.intel.wearable.ThunderApp;
				PRODUCT_NAME = "$(TARGET_NAME)";
				PROVISIONING_PROFILE = "";
				SWIFT_OBJC_BRIDGING_HEADER = "ThunderApp/UI/TabBarItem/ThunderApp-Bridging-Header.h";
			};
			name = Release;
		};
		DAF3B1381BEDAE9100913EED /* Debug */ = {
			isa = XCBuildConfiguration;
			buildSettings = {
				BUNDLE_LOADER = "$(TEST_HOST)";
				FRAMEWORK_SEARCH_PATHS = (
					"$(inherited)",
					"$(PROJECT_DIR)/build/Debug-iphoneos",
					"$(PROJECT_DIR)/Carthage/Build/iOS",
				);
				INFOPLIST_FILE = ThunderAppTests/Info.plist;
				LD_RUNPATH_SEARCH_PATHS = "$(inherited) @executable_path/Frameworks @loader_path/Frameworks";
				PRODUCT_BUNDLE_IDENTIFIER = com.intel.wearable.ThunderAppTests;
				PRODUCT_NAME = "$(TARGET_NAME)";
				TEST_HOST = "$(BUILT_PRODUCTS_DIR)/ThunderApp.app/ThunderApp";
			};
			name = Debug;
		};
		DAF3B1391BEDAE9100913EED /* Release */ = {
			isa = XCBuildConfiguration;
			buildSettings = {
				BUNDLE_LOADER = "$(TEST_HOST)";
				FRAMEWORK_SEARCH_PATHS = (
					"$(inherited)",
					"$(PROJECT_DIR)/build/Debug-iphoneos",
					"$(PROJECT_DIR)/Carthage/Build/iOS",
				);
				INFOPLIST_FILE = ThunderAppTests/Info.plist;
				LD_RUNPATH_SEARCH_PATHS = "$(inherited) @executable_path/Frameworks @loader_path/Frameworks";
				PRODUCT_BUNDLE_IDENTIFIER = com.intel.wearable.ThunderAppTests;
				PRODUCT_NAME = "$(TARGET_NAME)";
				TEST_HOST = "$(BUILT_PRODUCTS_DIR)/ThunderApp.app/ThunderApp";
			};
			name = Release;
		};
		DAF3B13B1BEDAE9100913EED /* Debug */ = {
			isa = XCBuildConfiguration;
			buildSettings = {
				INFOPLIST_FILE = ThunderAppUITests/Info.plist;
				LD_RUNPATH_SEARCH_PATHS = "$(inherited) @executable_path/Frameworks @loader_path/Frameworks";
				PRODUCT_BUNDLE_IDENTIFIER = com.intel.wearable.ThunderAppUITests;
				PRODUCT_NAME = "$(TARGET_NAME)";
				TEST_TARGET_NAME = ThunderApp;
				USES_XCTRUNNER = YES;
			};
			name = Debug;
		};
		DAF3B13C1BEDAE9100913EED /* Release */ = {
			isa = XCBuildConfiguration;
			buildSettings = {
				INFOPLIST_FILE = ThunderAppUITests/Info.plist;
				LD_RUNPATH_SEARCH_PATHS = "$(inherited) @executable_path/Frameworks @loader_path/Frameworks";
				PRODUCT_BUNDLE_IDENTIFIER = com.intel.wearable.ThunderAppUITests;
				PRODUCT_NAME = "$(TARGET_NAME)";
				TEST_TARGET_NAME = ThunderApp;
				USES_XCTRUNNER = YES;
			};
			name = Release;
		};
/* End XCBuildConfiguration section */

/* Begin XCConfigurationList section */
		DAF3B1071BEDAE9100913EED /* Build configuration list for PBXProject "BodyIQRefApp" */ = {
			isa = XCConfigurationList;
			buildConfigurations = (
				DAF3B1321BEDAE9100913EED /* Debug */,
				DAF3B1331BEDAE9100913EED /* Release */,
			);
			defaultConfigurationIsVisible = 0;
			defaultConfigurationName = Release;
		};
		DAF3B1341BEDAE9100913EED /* Build configuration list for PBXNativeTarget "BodyIQRefApp" */ = {
			isa = XCConfigurationList;
			buildConfigurations = (
				DAF3B1351BEDAE9100913EED /* Debug */,
				DAF3B1361BEDAE9100913EED /* Release */,
			);
			defaultConfigurationIsVisible = 0;
			defaultConfigurationName = Release;
		};
		DAF3B1371BEDAE9100913EED /* Build configuration list for PBXNativeTarget "BodyIQRefAppTests" */ = {
			isa = XCConfigurationList;
			buildConfigurations = (
				DAF3B1381BEDAE9100913EED /* Debug */,
				DAF3B1391BEDAE9100913EED /* Release */,
			);
			defaultConfigurationIsVisible = 0;
			defaultConfigurationName = Release;
		};
		DAF3B13A1BEDAE9100913EED /* Build configuration list for PBXNativeTarget "BodyIQRefAppUITests" */ = {
			isa = XCConfigurationList;
			buildConfigurations = (
				DAF3B13B1BEDAE9100913EED /* Debug */,
				DAF3B13C1BEDAE9100913EED /* Release */,
			);
			defaultConfigurationIsVisible = 0;
			defaultConfigurationName = Release;
		};
/* End XCConfigurationList section */
	};
	rootObject = DAF3B1041BEDAE9100913EED /* Project object */;
}
